
Microsoft Visual Studio Solution File, Format Version 12.00
# Visual Studio Version 17
VisualStudioVersion = 17.7.34221.43
MinimumVisualStudioVersion = 10.0.40219.1
Project("{FAE04EC0-301F-11D3-BF4B-00C04F79EFBC}") = "RolledBackProject", "RolledBackProject\RolledBackProject.csproj", "{187DB534-285F-4852-BB37-923EE95F3699}"
EndProject
Global
	GlobalSection(SolutionConfigurationPlatforms) = preSolution
		Debug|Any CPU = Debug|Any CPU
		Release|Any CPU = Release|Any CPU
	EndGlobalSection
	GlobalSection(ProjectConfigurationPlatforms) = postSolution
		{187DB534-285F-4852-BB37-923EE95F3699}.Debug|Any CPU.ActiveCfg = Debug|Any CPU
		{187DB534-285F-4852-BB37-923EE95F3699}.Debug|Any CPU.Build.0 = Debug|Any CPU
		{187DB534-285F-4852-BB37-923EE95F3699}.Release|Any CPU.ActiveCfg = Release|Any CPU
		{187DB534-285F-4852-BB37-923EE95F3699}.Release|Any CPU.Build.0 = Release|Any CPU
	EndGlobalSection
	GlobalSection(SolutionProperties) = preSolution
		HideSolutionNode = FALSE
	EndGlobalSection
	GlobalSection(ExtensibilityGlobals) = postSolution
		SolutionGuid = {CB15678F-A4C2-4398-BC00-1672F66CD693}
	EndGlobalSection
EndGlobal
